PODS:
  - AudioKit (4.5.1):
    - AudioKit/Core (= 4.5.1)
    - AudioKit/UI (= 4.5.1)
  - AudioKit/Core (4.5.1)
  - AudioKit/UI (4.5.1):
    - AudioKit/Core
  - Charts (3.2.0):
    - Charts/Core (= 3.2.0)
  - Charts/Core (3.2.0)
  - Crashlytics (3.10.9):
    - Fabric (~> 1.7.13)
  - Fabric (1.7.13)
  - Firebase/Core (5.18.0):
    - Firebase/CoreOnly
    - FirebaseAnalytics (= 5.7.0)
  - Firebase/CoreOnly (5.18.0):
    - FirebaseCore (= 5.3.1)
  - FirebaseAnalytics (5.7.0):
    - FirebaseCore (~> 5.3)
    - FirebaseInstanceID (~> 3.6)
    - GoogleAppMeasurement (= 5.7.0)
    - GoogleUtilities/AppDelegateSwizzler (~> 5.2)
    - GoogleUtilities/MethodSwizzler (~> 5.2)
    - GoogleUtilities/Network (~> 5.2)
    - "GoogleUtilities/NSData+zlib (~> 5.2)"
    - nanopb (~> 0.3)
  - FirebaseCore (5.3.1):
    - GoogleUtilities/Logger (~> 5.2)
  - FirebaseInstanceID (3.7.0):
    - FirebaseCore (~> 5.2)
    - GoogleUtilities/Environment (~> 5.2)
    - GoogleUtilities/UserDefaults (~> 5.2)
  - Google-Mobile-Ads-SDK (7.42.0):
    - GoogleAppMeasurement (~> 5.7)
  - GoogleAppMeasurement (5.7.0):
    - GoogleUtilities/AppDelegateSwizzler (~> 5.2)
    - GoogleUtilities/MethodSwizzler (~> 5.2)
    - GoogleUtilities/Network (~> 5.2)
    - "GoogleUtilities/NSData+zlib (~> 5.2)"
    - nanopb (~> 0.3)
  - GoogleMobileAdsMediationIronSource (6.8.0.1):
    - Google-Mobile-Ads-SDK (>= 7.41.0)
    - IronSourceSDK (= 6.8.0)
  - GoogleUtilities/AppDelegateSwizzler (5.5.0):
    - GoogleUtilities/Environment
    - GoogleUtilities/Logger
    - GoogleUtilities/Network
  - GoogleUtilities/Environment (5.5.0)
  - GoogleUtilities/Logger (5.5.0):
    - GoogleUtilities/Environment
  - GoogleUtilities/MethodSwizzler (5.5.0):
    - GoogleUtilities/Logger
  - GoogleUtilities/Network (5.5.0):
    - GoogleUtilities/Logger
    - "GoogleUtilities/NSData+zlib"
    - GoogleUtilities/Reachability
  - "GoogleUtilities/NSData+zlib (5.5.0)"
  - GoogleUtilities/Reachability (5.5.0):
    - GoogleUtilities/Logger
  - GoogleUtilities/UserDefaults (5.5.0):
    - GoogleUtilities/Logger
  - IronSourceSDK (6.8.0.0)
  - nanopb (0.3.901):
    - nanopb/decode (= 0.3.901)
    - nanopb/encode (= 0.3.901)
  - nanopb/decode (0.3.901)
  - nanopb/encode (0.3.901)
  - ProgressHUD (2.60)

DEPENDENCIES:
  - AudioKit (= 4.5.1)
  - Charts (= 3.2)
  - Crashlytics (~> 3.10.7)
  - Fabric (~> 1.7.11)
  - Firebase/Core
  - Google-Mobile-Ads-SDK
  - GoogleMobileAdsMediationIronSource
  - ProgressHUD

SPEC REPOS:
  https://github.com/cocoapods/specs.git:
    - AudioKit
    - Charts
    - Crashlytics
    - Fabric
    - Firebase
    - FirebaseAnalytics
    - FirebaseCore
    - FirebaseInstanceID
    - Google-Mobile-Ads-SDK
    - GoogleAppMeasurement
    - GoogleMobileAdsMediationIronSource
    - GoogleUtilities
    - IronSourceSDK
    - nanopb
    - ProgressHUD

SPEC CHECKSUMS:
  AudioKit: 8154f343a24daed3ab77b76a0a45739c5f3147e5
  Charts: 680c8328bd5e90cb14f67e00d2176f3113d19141
  Crashlytics: 55e24fc23989680285a21cb1146578d9d18e432c
  Fabric: 25d0963b691fc97be566392243ff0ecef5a68338
  Firebase: 02f3281965c075426141a0ce1277e9de6649cab9
  FirebaseAnalytics: 23851fe602c872130a2c5c55040b302120346cc2
  FirebaseCore: 52f851b30e11360f1e67cf04b1edfebf0a47a2d3
  FirebaseInstanceID: bd6fc5a258884e206fd5c474ebe4f5b00e21770e
  Google-Mobile-Ads-SDK: c7bec408202526ec4e9ccd025c00f9f30e9f8807
  GoogleAppMeasurement: 6cf307834da065863f9faf4c0de0a936d81dd832
  GoogleMobileAdsMediationIronSource: f4e7ec74eb6b7451b9dee103b5d0c7d383abb45f
  GoogleUtilities: 6481e6318c5fcabaaa8513ef8120f329055d7c10
  IronSourceSDK: 1eef343a0d2468889f1befb8506cc9560a10e8af
  nanopb: 2901f78ea1b7b4015c860c2fdd1ea2fee1a18d48
  ProgressHUD: 4e4efbaf4f5de8bd32e0c4c3b6644a90ea1a8c3e

PODFILE CHECKSUM: 528af82a50895b60597e9caf7704a7bcf19db441

COCOAPODS: 1.5.3
