// !$*UTF8*$!
{
	archiveVersion = 1;
	classes = {
	};
	objectVersion = 50;
	objects = {

/* Begin PBXBuildFile section */
		394493568CAC6137A5E43B48 /* Pods_ScreamTracker.framework in Frameworks */ = {isa = PBXBuildFile; fileRef = 71A05AB7A21DB921357DB6D1 /* Pods_ScreamTracker.framework */; };
		E527BBF02144791F007BB2B1 /* AppDelegate.swift in Sources */ = {isa = PBXBuildFile; fileRef = E527BBEF2144791F007BB2B1 /* AppDelegate.swift */; };
		E527BBF22144791F007BB2B1 /* ViewController.swift in Sources */ = {isa = PBXBuildFile; fileRef = E527BBF12144791F007BB2B1 /* ViewController.swift */; };
		E527BBF52144791F007BB2B1 /* Main.storyboard in Resources */ = {isa = PBXBuildFile; fileRef = E527BBF32144791F007BB2B1 /* Main.storyboard */; };
		E527BBF721447925007BB2B1 /* Assets.xcassets in Resources */ = {isa = PBXBuildFile; fileRef = E527BBF621447925007BB2B1 /* Assets.xcassets */; };
		E527BBFA21447925007BB2B1 /* LaunchScreen.storyboard in Resources */ = {isa = PBXBuildFile; fileRef = E527BBF821447925007BB2B1 /* LaunchScreen.storyboard */; };
		E547F6D32152F33F00B31E9B /* ScreamTableViewCell.swift in Sources */ = {isa = PBXBuildFile; fileRef = E547F6D22152F33F00B31E9B /* ScreamTableViewCell.swift */; };
		E55218D5225FDE57000E3CC8 /* SwipeSavedTableViewCell.swift in Sources */ = {isa = PBXBuildFile; fileRef = E55218D4225FDE57000E3CC8 /* SwipeSavedTableViewCell.swift */; };
		E55218D8225FE729000E3CC8 /* Shared.swift in Sources */ = {isa = PBXBuildFile; fileRef = E55218D7225FE729000E3CC8 /* Shared.swift */; };
		E56A206E223DB30900431633 /* InfoPlist.strings in Resources */ = {isa = PBXBuildFile; fileRef = E56A206C223DB30900431633 /* InfoPlist.strings */; };
		E56A2071223DB64200431633 /* Localizable.strings in Resources */ = {isa = PBXBuildFile; fileRef = E56A2073223DB64200431633 /* Localizable.strings */; };
		E570A82221622D4D00178CB5 /* toDo.swift in Sources */ = {isa = PBXBuildFile; fileRef = E570A82121622D4D00178CB5 /* toDo.swift */; };
		E57F7ECC216B628F006FE313 /* StartViewController.swift in Sources */ = {isa = PBXBuildFile; fileRef = E57F7ECB216B628F006FE313 /* StartViewController.swift */; };
		E57F7ED2216CA8F4006FE313 /* ProgressHUD.bundle in Resources */ = {isa = PBXBuildFile; fileRef = E57F7ECF216CA8F3006FE313 /* ProgressHUD.bundle */; };
		E57F7ED3216CA8F4006FE313 /* ProgressHUD.m in Sources */ = {isa = PBXBuildFile; fileRef = E57F7ED0216CA8F3006FE313 /* ProgressHUD.m */; };
		E57F7ED5216E04CB006FE313 /* SavedScreamsViewController.swift in Sources */ = {isa = PBXBuildFile; fileRef = E57F7ED4216E04CB006FE313 /* SavedScreamsViewController.swift */; };
		E57F7ED7216FF24B006FE313 /* SavedScreamsTableViewCell.swift in Sources */ = {isa = PBXBuildFile; fileRef = E57F7ED6216FF24B006FE313 /* SavedScreamsTableViewCell.swift */; };
		E5A40612215D740B004C1004 /* GoogleService-Info.plist in Resources */ = {isa = PBXBuildFile; fileRef = E5A40611215D740B004C1004 /* GoogleService-Info.plist */; };
/* End PBXBuildFile section */

/* Begin PBXFileReference section */
		3D574A226CBE69F600B2CFBB /* Pods-ScreamTracker.release.xcconfig */ = {isa = PBXFileReference; includeInIndex = 1; lastKnownFileType = text.xcconfig; name = "Pods-ScreamTracker.release.xcconfig"; path = "Pods/Target Support Files/Pods-ScreamTracker/Pods-ScreamTracker.release.xcconfig"; sourceTree = "<group>"; };
		71A05AB7A21DB921357DB6D1 /* Pods_ScreamTracker.framework */ = {isa = PBXFileReference; explicitFileType = wrapper.framework; includeInIndex = 0; path = Pods_ScreamTracker.framework; sourceTree = BUILT_PRODUCTS_DIR; };
		E2F181FB35D5A80786B5E1A2 /* Pods-ScreamTracker.debug.xcconfig */ = {isa = PBXFileReference; includeInIndex = 1; lastKnownFileType = text.xcconfig; name = "Pods-ScreamTracker.debug.xcconfig"; path = "Pods/Target Support Files/Pods-ScreamTracker/Pods-ScreamTracker.debug.xcconfig"; sourceTree = "<group>"; };
		E527BBEC2144791F007BB2B1 /* ScreamTracker.app */ = {isa = PBXFileReference; explicitFileType = wrapper.application; includeInIndex = 0; path = ScreamTracker.app; sourceTree = BUILT_PRODUCTS_DIR; };
		E527BBEF2144791F007BB2B1 /* AppDelegate.swift */ = {isa = PBXFileReference; lastKnownFileType = sourcecode.swift; path = AppDelegate.swift; sourceTree = "<group>"; };
		E527BBF12144791F007BB2B1 /* ViewController.swift */ = {isa = PBXFileReference; lastKnownFileType = sourcecode.swift; path = ViewController.swift; sourceTree = "<group>"; };
		E527BBF42144791F007BB2B1 /* Base */ = {isa = PBXFileReference; lastKnownFileType = file.storyboard; name = Base; path = Base.lproj/Main.storyboard; sourceTree = "<group>"; };
		E527BBF621447925007BB2B1 /* Assets.xcassets */ = {isa = PBXFileReference; lastKnownFileType = folder.assetcatalog; path = Assets.xcassets; sourceTree = "<group>"; };
		E527BBF921447925007BB2B1 /* Base */ = {isa = PBXFileReference; lastKnownFileType = file.storyboard; name = Base; path = Base.lproj/LaunchScreen.storyboard; sourceTree = "<group>"; };
		E527BBFB21447925007BB2B1 /* Info.plist */ = {isa = PBXFileReference; lastKnownFileType = text.plist.xml; name = Info.plist; path = /Users/Pawel/Documents/xcode/ScreamTracker/ScreamTracker/Info.plist; sourceTree = "<absolute>"; };
		E547F6D22152F33F00B31E9B /* ScreamTableViewCell.swift */ = {isa = PBXFileReference; lastKnownFileType = sourcecode.swift; path = ScreamTableViewCell.swift; sourceTree = "<group>"; };
		E55218D4225FDE57000E3CC8 /* SwipeSavedTableViewCell.swift */ = {isa = PBXFileReference; lastKnownFileType = sourcecode.swift; path = SwipeSavedTableViewCell.swift; sourceTree = "<group>"; };
		E55218D7225FE729000E3CC8 /* Shared.swift */ = {isa = PBXFileReference; lastKnownFileType = sourcecode.swift; path = Shared.swift; sourceTree = "<group>"; };
		E55218D922607C9B000E3CC8 /* hu */ = {isa = PBXFileReference; lastKnownFileType = text.plist.strings; name = hu; path = hu.lproj/Main.strings; sourceTree = "<group>"; };
		E55218DA22607C9D000E3CC8 /* hu */ = {isa = PBXFileReference; lastKnownFileType = text.plist.strings; name = hu; path = hu.lproj/LaunchScreen.strings; sourceTree = "<group>"; };
		E55218DB22607CA1000E3CC8 /* hu */ = {isa = PBXFileReference; lastKnownFileType = text.plist.strings; name = hu; path = hu.lproj/Localizable.strings; sourceTree = "<group>"; };
		E55218DC22607CA3000E3CC8 /* hu */ = {isa = PBXFileReference; lastKnownFileType = text.plist.strings; name = hu; path = hu.lproj/InfoPlist.strings; sourceTree = "<group>"; };
		E55218DD22607D3B000E3CC8 /* zh-Hant */ = {isa = PBXFileReference; lastKnownFileType = text.plist.strings; name = "zh-Hant"; path = "zh-Hant.lproj/Main.strings"; sourceTree = "<group>"; };
		E55218DE22607D3E000E3CC8 /* zh-Hant */ = {isa = PBXFileReference; lastKnownFileType = text.plist.strings; name = "zh-Hant"; path = "zh-Hant.lproj/LaunchScreen.strings"; sourceTree = "<group>"; };
		E55218DF22607D40000E3CC8 /* zh-Hant */ = {isa = PBXFileReference; lastKnownFileType = text.plist.strings; name = "zh-Hant"; path = "zh-Hant.lproj/Localizable.strings"; sourceTree = "<group>"; };
		E55218E022607D43000E3CC8 /* zh-Hant */ = {isa = PBXFileReference; lastKnownFileType = text.plist.strings; name = "zh-Hant"; path = "zh-Hant.lproj/InfoPlist.strings"; sourceTree = "<group>"; };
		E55218E122607D47000E3CC8 /* fi */ = {isa = PBXFileReference; lastKnownFileType = text.plist.strings; name = fi; path = fi.lproj/Main.strings; sourceTree = "<group>"; };
		E55218E222607D49000E3CC8 /* fi */ = {isa = PBXFileReference; lastKnownFileType = text.plist.strings; name = fi; path = fi.lproj/LaunchScreen.strings; sourceTree = "<group>"; };
		E55218E322607D4B000E3CC8 /* fi */ = {isa = PBXFileReference; lastKnownFileType = text.plist.strings; name = fi; path = fi.lproj/Localizable.strings; sourceTree = "<group>"; };
		E55218E422607D4D000E3CC8 /* fi */ = {isa = PBXFileReference; lastKnownFileType = text.plist.strings; name = fi; path = fi.lproj/InfoPlist.strings; sourceTree = "<group>"; };
		E55218E522607D4F000E3CC8 /* cs */ = {isa = PBXFileReference; lastKnownFileType = text.plist.strings; name = cs; path = cs.lproj/Main.strings; sourceTree = "<group>"; };
		E55218E622607D51000E3CC8 /* cs */ = {isa = PBXFileReference; lastKnownFileType = text.plist.strings; name = cs; path = cs.lproj/LaunchScreen.strings; sourceTree = "<group>"; };
		E55218E722607D54000E3CC8 /* cs */ = {isa = PBXFileReference; lastKnownFileType = text.plist.strings; name = cs; path = cs.lproj/Localizable.strings; sourceTree = "<group>"; };
		E55218E822607D56000E3CC8 /* cs */ = {isa = PBXFileReference; lastKnownFileType = text.plist.strings; name = cs; path = cs.lproj/InfoPlist.strings; sourceTree = "<group>"; };
		E55218E922607D59000E3CC8 /* ca */ = {isa = PBXFileReference; lastKnownFileType = text.plist.strings; name = ca; path = ca.lproj/Main.strings; sourceTree = "<group>"; };
		E55218EA22607D5B000E3CC8 /* ca */ = {isa = PBXFileReference; lastKnownFileType = text.plist.strings; name = ca; path = ca.lproj/LaunchScreen.strings; sourceTree = "<group>"; };
		E55218EB22607D5D000E3CC8 /* ca */ = {isa = PBXFileReference; lastKnownFileType = text.plist.strings; name = ca; path = ca.lproj/Localizable.strings; sourceTree = "<group>"; };
		E55218EC22607D5F000E3CC8 /* ca */ = {isa = PBXFileReference; lastKnownFileType = text.plist.strings; name = ca; path = ca.lproj/InfoPlist.strings; sourceTree = "<group>"; };
		E55218ED22607D61000E3CC8 /* el */ = {isa = PBXFileReference; lastKnownFileType = text.plist.strings; name = el; path = el.lproj/Main.strings; sourceTree = "<group>"; };
		E55218EE22607D63000E3CC8 /* el */ = {isa = PBXFileReference; lastKnownFileType = text.plist.strings; name = el; path = el.lproj/LaunchScreen.strings; sourceTree = "<group>"; };
		E55218EF22607D64000E3CC8 /* el */ = {isa = PBXFileReference; lastKnownFileType = text.plist.strings; name = el; path = el.lproj/Localizable.strings; sourceTree = "<group>"; };
		E55218F022607D66000E3CC8 /* el */ = {isa = PBXFileReference; lastKnownFileType = text.plist.strings; name = el; path = el.lproj/InfoPlist.strings; sourceTree = "<group>"; };
		E55218F122607D68000E3CC8 /* vi */ = {isa = PBXFileReference; lastKnownFileType = text.plist.strings; name = vi; path = vi.lproj/Main.strings; sourceTree = "<group>"; };
		E55218F222607D6D000E3CC8 /* vi */ = {isa = PBXFileReference; lastKnownFileType = text.plist.strings; name = vi; path = vi.lproj/LaunchScreen.strings; sourceTree = "<group>"; };
		E55218F322607D70000E3CC8 /* vi */ = {isa = PBXFileReference; lastKnownFileType = text.plist.strings; name = vi; path = vi.lproj/Localizable.strings; sourceTree = "<group>"; };
		E55218F422607D73000E3CC8 /* vi */ = {isa = PBXFileReference; lastKnownFileType = text.plist.strings; name = vi; path = vi.lproj/InfoPlist.strings; sourceTree = "<group>"; };
		E55218F522607D75000E3CC8 /* sk */ = {isa = PBXFileReference; lastKnownFileType = text.plist.strings; name = sk; path = sk.lproj/Main.strings; sourceTree = "<group>"; };
		E55218F622607D78000E3CC8 /* sk */ = {isa = PBXFileReference; lastKnownFileType = text.plist.strings; name = sk; path = sk.lproj/LaunchScreen.strings; sourceTree = "<group>"; };
		E55218F722607D7A000E3CC8 /* sk */ = {isa = PBXFileReference; lastKnownFileType = text.plist.strings; name = sk; path = sk.lproj/Localizable.strings; sourceTree = "<group>"; };
		E55218F822607D7C000E3CC8 /* sk */ = {isa = PBXFileReference; lastKnownFileType = text.plist.strings; name = sk; path = sk.lproj/InfoPlist.strings; sourceTree = "<group>"; };
		E55218F922607D8C000E3CC8 /* it */ = {isa = PBXFileReference; lastKnownFileType = text.plist.strings; name = it; path = it.lproj/Main.strings; sourceTree = "<group>"; };
		E55218FA22607D8F000E3CC8 /* it */ = {isa = PBXFileReference; lastKnownFileType = text.plist.strings; name = it; path = it.lproj/LaunchScreen.strings; sourceTree = "<group>"; };
		E55218FB22607D91000E3CC8 /* it */ = {isa = PBXFileReference; lastKnownFileType = text.plist.strings; name = it; path = it.lproj/Localizable.strings; sourceTree = "<group>"; };
		E55218FC22607D94000E3CC8 /* it */ = {isa = PBXFileReference; lastKnownFileType = text.plist.strings; name = it; path = it.lproj/InfoPlist.strings; sourceTree = "<group>"; };
		E55218FD22607D97000E3CC8 /* ms */ = {isa = PBXFileReference; lastKnownFileType = text.plist.strings; name = ms; path = ms.lproj/Main.strings; sourceTree = "<group>"; };
		E55218FE22607D9A000E3CC8 /* ms */ = {isa = PBXFileReference; lastKnownFileType = text.plist.strings; name = ms; path = ms.lproj/LaunchScreen.strings; sourceTree = "<group>"; };
		E55218FF22607D9C000E3CC8 /* ms */ = {isa = PBXFileReference; lastKnownFileType = text.plist.strings; name = ms; path = ms.lproj/Localizable.strings; sourceTree = "<group>"; };
		E552190022607D9F000E3CC8 /* ms */ = {isa = PBXFileReference; lastKnownFileType = text.plist.strings; name = ms; path = ms.lproj/InfoPlist.strings; sourceTree = "<group>"; };
		E552190122607DA3000E3CC8 /* id */ = {isa = PBXFileReference; lastKnownFileType = text.plist.strings; name = id; path = id.lproj/Main.strings; sourceTree = "<group>"; };
		E552190222607DA5000E3CC8 /* id */ = {isa = PBXFileReference; lastKnownFileType = text.plist.strings; name = id; path = id.lproj/LaunchScreen.strings; sourceTree = "<group>"; };
		E552190322607DA8000E3CC8 /* id */ = {isa = PBXFileReference; lastKnownFileType = text.plist.strings; name = id; path = id.lproj/Localizable.strings; sourceTree = "<group>"; };
		E552190422607DAB000E3CC8 /* id */ = {isa = PBXFileReference; lastKnownFileType = text.plist.strings; name = id; path = id.lproj/InfoPlist.strings; sourceTree = "<group>"; };
		E552190522607DC6000E3CC8 /* hr */ = {isa = PBXFileReference; lastKnownFileType = text.plist.strings; name = hr; path = hr.lproj/Main.strings; sourceTree = "<group>"; };
		E552190622607DC8000E3CC8 /* hr */ = {isa = PBXFileReference; lastKnownFileType = text.plist.strings; name = hr; path = hr.lproj/LaunchScreen.strings; sourceTree = "<group>"; };
		E552190722607DCB000E3CC8 /* hr */ = {isa = PBXFileReference; lastKnownFileType = text.plist.strings; name = hr; path = hr.lproj/Localizable.strings; sourceTree = "<group>"; };
		E552190822607DCE000E3CC8 /* hr */ = {isa = PBXFileReference; lastKnownFileType = text.plist.strings; name = hr; path = hr.lproj/InfoPlist.strings; sourceTree = "<group>"; };
		E552190922607DD1000E3CC8 /* ro */ = {isa = PBXFileReference; lastKnownFileType = text.plist.strings; name = ro; path = ro.lproj/Main.strings; sourceTree = "<group>"; };
		E552190A22607DD3000E3CC8 /* ro */ = {isa = PBXFileReference; lastKnownFileType = text.plist.strings; name = ro; path = ro.lproj/LaunchScreen.strings; sourceTree = "<group>"; };
		E552190B22607DD5000E3CC8 /* ro */ = {isa = PBXFileReference; lastKnownFileType = text.plist.strings; name = ro; path = ro.lproj/Localizable.strings; sourceTree = "<group>"; };
		E552190C22607DD8000E3CC8 /* ro */ = {isa = PBXFileReference; lastKnownFileType = text.plist.strings; name = ro; path = ro.lproj/InfoPlist.strings; sourceTree = "<group>"; };
		E552190D22607DDD000E3CC8 /* uk */ = {isa = PBXFileReference; lastKnownFileType = text.plist.strings; name = uk; path = uk.lproj/Main.strings; sourceTree = "<group>"; };
		E552190E22607DE0000E3CC8 /* uk */ = {isa = PBXFileReference; lastKnownFileType = text.plist.strings; name = uk; path = uk.lproj/LaunchScreen.strings; sourceTree = "<group>"; };
		E552190F22607DE3000E3CC8 /* uk */ = {isa = PBXFileReference; lastKnownFileType = text.plist.strings; name = uk; path = uk.lproj/Localizable.strings; sourceTree = "<group>"; };
		E552191022607DE7000E3CC8 /* uk */ = {isa = PBXFileReference; lastKnownFileType = text.plist.strings; name = uk; path = uk.lproj/InfoPlist.strings; sourceTree = "<group>"; };
		E56A206A223DA7F000431633 /* pl */ = {isa = PBXFileReference; lastKnownFileType = text.plist.strings; name = pl; path = pl.lproj/Main.strings; sourceTree = "<group>"; };
		E56A206B223DA7F200431633 /* pl */ = {isa = PBXFileReference; lastKnownFileType = text.plist.strings; name = pl; path = pl.lproj/LaunchScreen.strings; sourceTree = "<group>"; };
		E56A206D223DB30900431633 /* pl */ = {isa = PBXFileReference; lastKnownFileType = text.plist.strings; name = pl; path = pl.lproj/InfoPlist.strings; sourceTree = "<group>"; };
		E56A2072223DB64200431633 /* en */ = {isa = PBXFileReference; lastKnownFileType = text.plist.strings; name = en; path = en.lproj/Localizable.strings; sourceTree = "<group>"; };
		E56A2074223DB64600431633 /* pl */ = {isa = PBXFileReference; lastKnownFileType = text.plist.strings; name = pl; path = pl.lproj/Localizable.strings; sourceTree = "<group>"; };
		E56A2075223DBCC600431633 /* ja */ = {isa = PBXFileReference; lastKnownFileType = text.plist.strings; name = ja; path = ja.lproj/Main.strings; sourceTree = "<group>"; };
		E56A2076223DBCC800431633 /* ja */ = {isa = PBXFileReference; lastKnownFileType = text.plist.strings; name = ja; path = ja.lproj/LaunchScreen.strings; sourceTree = "<group>"; };
		E56A2077223DBCCB00431633 /* ja */ = {isa = PBXFileReference; lastKnownFileType = text.plist.strings; name = ja; path = ja.lproj/Localizable.strings; sourceTree = "<group>"; };
		E56A2078223DBCCD00431633 /* ja */ = {isa = PBXFileReference; lastKnownFileType = text.plist.strings; name = ja; path = ja.lproj/InfoPlist.strings; sourceTree = "<group>"; };
		E56A2079223DBD0F00431633 /* zh-Hans */ = {isa = PBXFileReference; lastKnownFileType = text.plist.strings; name = "zh-Hans"; path = "zh-Hans.lproj/Main.strings"; sourceTree = "<group>"; };
		E56A207A223DBD1100431633 /* zh-Hans */ = {isa = PBXFileReference; lastKnownFileType = text.plist.strings; name = "zh-Hans"; path = "zh-Hans.lproj/LaunchScreen.strings"; sourceTree = "<group>"; };
		E56A207B223DBD1300431633 /* zh-Hans */ = {isa = PBXFileReference; lastKnownFileType = text.plist.strings; name = "zh-Hans"; path = "zh-Hans.lproj/Localizable.strings"; sourceTree = "<group>"; };
		E56A207C223DBD1500431633 /* zh-Hans */ = {isa = PBXFileReference; lastKnownFileType = text.plist.strings; name = "zh-Hans"; path = "zh-Hans.lproj/InfoPlist.strings"; sourceTree = "<group>"; };
		E56A207D223DBD3500431633 /* es */ = {isa = PBXFileReference; lastKnownFileType = text.plist.strings; name = es; path = es.lproj/Main.strings; sourceTree = "<group>"; };
		E56A207E223DBD3800431633 /* es */ = {isa = PBXFileReference; lastKnownFileType = text.plist.strings; name = es; path = es.lproj/LaunchScreen.strings; sourceTree = "<group>"; };
		E56A207F223DBD3A00431633 /* es */ = {isa = PBXFileReference; lastKnownFileType = text.plist.strings; name = es; path = es.lproj/Localizable.strings; sourceTree = "<group>"; };
		E56A2080223DBD3C00431633 /* es */ = {isa = PBXFileReference; lastKnownFileType = text.plist.strings; name = es; path = es.lproj/InfoPlist.strings; sourceTree = "<group>"; };
		E56A2081223DBF1C00431633 /* es-419 */ = {isa = PBXFileReference; lastKnownFileType = text.plist.strings; name = "es-419"; path = "es-419.lproj/Main.strings"; sourceTree = "<group>"; };
		E56A2082223DBF1E00431633 /* es-419 */ = {isa = PBXFileReference; lastKnownFileType = text.plist.strings; name = "es-419"; path = "es-419.lproj/LaunchScreen.strings"; sourceTree = "<group>"; };
		E56A2083223DBF2000431633 /* es-419 */ = {isa = PBXFileReference; lastKnownFileType = text.plist.strings; name = "es-419"; path = "es-419.lproj/Localizable.strings"; sourceTree = "<group>"; };
		E56A2084223DBF2500431633 /* es-419 */ = {isa = PBXFileReference; lastKnownFileType = text.plist.strings; name = "es-419"; path = "es-419.lproj/InfoPlist.strings"; sourceTree = "<group>"; };
		E56A2085223DBF3500431633 /* ru */ = {isa = PBXFileReference; lastKnownFileType = text.plist.strings; name = ru; path = ru.lproj/Main.strings; sourceTree = "<group>"; };
		E56A2086223DBF3900431633 /* ru */ = {isa = PBXFileReference; lastKnownFileType = text.plist.strings; name = ru; path = ru.lproj/LaunchScreen.strings; sourceTree = "<group>"; };
		E56A2087223DBF4000431633 /* ru */ = {isa = PBXFileReference; lastKnownFileType = text.plist.strings; name = ru; path = ru.lproj/Localizable.strings; sourceTree = "<group>"; };
		E56A2088223DBF4600431633 /* ru */ = {isa = PBXFileReference; lastKnownFileType = text.plist.strings; name = ru; path = ru.lproj/InfoPlist.strings; sourceTree = "<group>"; };
		E56A2089223DC04100431633 /* pt-BR */ = {isa = PBXFileReference; lastKnownFileType = text.plist.strings; name = "pt-BR"; path = "pt-BR.lproj/Main.strings"; sourceTree = "<group>"; };
		E56A208A223DC04400431633 /* pt-BR */ = {isa = PBXFileReference; lastKnownFileType = text.plist.strings; name = "pt-BR"; path = "pt-BR.lproj/LaunchScreen.strings"; sourceTree = "<group>"; };
		E56A208B223DC04F00431633 /* pt-BR */ = {isa = PBXFileReference; lastKnownFileType = text.plist.strings; name = "pt-BR"; path = "pt-BR.lproj/Localizable.strings"; sourceTree = "<group>"; };
		E56A208C223DC05200431633 /* pt-BR */ = {isa = PBXFileReference; lastKnownFileType = text.plist.strings; name = "pt-BR"; path = "pt-BR.lproj/InfoPlist.strings"; sourceTree = "<group>"; };
		E56A208D223DC3B500431633 /* da */ = {isa = PBXFileReference; lastKnownFileType = text.plist.strings; name = da; path = da.lproj/Main.strings; sourceTree = "<group>"; };
		E56A208E223DC3B800431633 /* da */ = {isa = PBXFileReference; lastKnownFileType = text.plist.strings; name = da; path = da.lproj/LaunchScreen.strings; sourceTree = "<group>"; };
		E56A208F223DC3BB00431633 /* da */ = {isa = PBXFileReference; lastKnownFileType = text.plist.strings; name = da; path = da.lproj/Localizable.strings; sourceTree = "<group>"; };
		E56A2090223DC3BE00431633 /* da */ = {isa = PBXFileReference; lastKnownFileType = text.plist.strings; name = da; path = da.lproj/InfoPlist.strings; sourceTree = "<group>"; };
		E56A2091223DC3C000431633 /* fr */ = {isa = PBXFileReference; lastKnownFileType = text.plist.strings; name = fr; path = fr.lproj/Main.strings; sourceTree = "<group>"; };
		E56A2092223DC3C200431633 /* fr */ = {isa = PBXFileReference; lastKnownFileType = text.plist.strings; name = fr; path = fr.lproj/LaunchScreen.strings; sourceTree = "<group>"; };
		E56A2093223DC3C500431633 /* fr */ = {isa = PBXFileReference; lastKnownFileType = text.plist.strings; name = fr; path = fr.lproj/Localizable.strings; sourceTree = "<group>"; };
		E56A2094223DC3C700431633 /* fr */ = {isa = PBXFileReference; lastKnownFileType = text.plist.strings; name = fr; path = fr.lproj/InfoPlist.strings; sourceTree = "<group>"; };
		E56A2095223DC3CF00431633 /* nl */ = {isa = PBXFileReference; lastKnownFileType = text.plist.strings; name = nl; path = nl.lproj/Main.strings; sourceTree = "<group>"; };
		E56A2096223DC3D200431633 /* nl */ = {isa = PBXFileReference; lastKnownFileType = text.plist.strings; name = nl; path = nl.lproj/LaunchScreen.strings; sourceTree = "<group>"; };
		E56A2097223DC3D300431633 /* nl */ = {isa = PBXFileReference; lastKnownFileType = text.plist.strings; name = nl; path = nl.lproj/Localizable.strings; sourceTree = "<group>"; };
		E56A2098223DC3D600431633 /* nl */ = {isa = PBXFileReference; lastKnownFileType = text.plist.strings; name = nl; path = nl.lproj/InfoPlist.strings; sourceTree = "<group>"; };
		E56A2099223DC3D900431633 /* nb */ = {isa = PBXFileReference; lastKnownFileType = text.plist.strings; name = nb; path = nb.lproj/Main.strings; sourceTree = "<group>"; };
		E56A209A223DC3DB00431633 /* nb */ = {isa = PBXFileReference; lastKnownFileType = text.plist.strings; name = nb; path = nb.lproj/LaunchScreen.strings; sourceTree = "<group>"; };
		E56A209B223DC3DE00431633 /* nb */ = {isa = PBXFileReference; lastKnownFileType = text.plist.strings; name = nb; path = nb.lproj/Localizable.strings; sourceTree = "<group>"; };
		E56A209C223DC3E000431633 /* nb */ = {isa = PBXFileReference; lastKnownFileType = text.plist.strings; name = nb; path = nb.lproj/InfoPlist.strings; sourceTree = "<group>"; };
		E56A209D223DC41100431633 /* de */ = {isa = PBXFileReference; lastKnownFileType = text.plist.strings; name = de; path = de.lproj/Main.strings; sourceTree = "<group>"; };
		E56A209E223DC41300431633 /* de */ = {isa = PBXFileReference; lastKnownFileType = text.plist.strings; name = de; path = de.lproj/LaunchScreen.strings; sourceTree = "<group>"; };
		E56A209F223DC41600431633 /* de */ = {isa = PBXFileReference; lastKnownFileType = text.plist.strings; name = de; path = de.lproj/Localizable.strings; sourceTree = "<group>"; };
		E56A20A0223DC41800431633 /* de */ = {isa = PBXFileReference; lastKnownFileType = text.plist.strings; name = de; path = de.lproj/InfoPlist.strings; sourceTree = "<group>"; };
		E56A20A1223DC41E00431633 /* pt-PT */ = {isa = PBXFileReference; lastKnownFileType = text.plist.strings; name = "pt-PT"; path = "pt-PT.lproj/Main.strings"; sourceTree = "<group>"; };
		E56A20A2223DC42100431633 /* pt-PT */ = {isa = PBXFileReference; lastKnownFileType = text.plist.strings; name = "pt-PT"; path = "pt-PT.lproj/LaunchScreen.strings"; sourceTree = "<group>"; };
		E56A20A3223DC42300431633 /* pt-PT */ = {isa = PBXFileReference; lastKnownFileType = text.plist.strings; name = "pt-PT"; path = "pt-PT.lproj/Localizable.strings"; sourceTree = "<group>"; };
		E56A20A4223DC42600431633 /* pt-PT */ = {isa = PBXFileReference; lastKnownFileType = text.plist.strings; name = "pt-PT"; path = "pt-PT.lproj/InfoPlist.strings"; sourceTree = "<group>"; };
		E56A20A5223DC43100431633 /* ko */ = {isa = PBXFileReference; lastKnownFileType = text.plist.strings; name = ko; path = ko.lproj/Main.strings; sourceTree = "<group>"; };
		E56A20A6223DC43400431633 /* ko */ = {isa = PBXFileReference; lastKnownFileType = text.plist.strings; name = ko; path = ko.lproj/LaunchScreen.strings; sourceTree = "<group>"; };
		E56A20A7223DC43500431633 /* ko */ = {isa = PBXFileReference; lastKnownFileType = text.plist.strings; name = ko; path = ko.lproj/Localizable.strings; sourceTree = "<group>"; };
		E56A20A8223DC43800431633 /* ko */ = {isa = PBXFileReference; lastKnownFileType = text.plist.strings; name = ko; path = ko.lproj/InfoPlist.strings; sourceTree = "<group>"; };
		E56A20A9223DC43A00431633 /* sv */ = {isa = PBXFileReference; lastKnownFileType = text.plist.strings; name = sv; path = sv.lproj/Main.strings; sourceTree = "<group>"; };
		E56A20AA223DC43D00431633 /* sv */ = {isa = PBXFileReference; lastKnownFileType = text.plist.strings; name = sv; path = sv.lproj/LaunchScreen.strings; sourceTree = "<group>"; };
		E56A20AB223DC43F00431633 /* sv */ = {isa = PBXFileReference; lastKnownFileType = text.plist.strings; name = sv; path = sv.lproj/Localizable.strings; sourceTree = "<group>"; };
		E56A20AC223DC44200431633 /* sv */ = {isa = PBXFileReference; lastKnownFileType = text.plist.strings; name = sv; path = sv.lproj/InfoPlist.strings; sourceTree = "<group>"; };
		E56A20AD223DC44600431633 /* th */ = {isa = PBXFileReference; lastKnownFileType = text.plist.strings; name = th; path = th.lproj/Main.strings; sourceTree = "<group>"; };
		E56A20AE223DC44800431633 /* th */ = {isa = PBXFileReference; lastKnownFileType = text.plist.strings; name = th; path = th.lproj/LaunchScreen.strings; sourceTree = "<group>"; };
		E56A20AF223DC44B00431633 /* th */ = {isa = PBXFileReference; lastKnownFileType = text.plist.strings; name = th; path = th.lproj/Localizable.strings; sourceTree = "<group>"; };
		E56A20B0223DC44D00431633 /* th */ = {isa = PBXFileReference; lastKnownFileType = text.plist.strings; name = th; path = th.lproj/InfoPlist.strings; sourceTree = "<group>"; };
		E56A20B1223DC45000431633 /* tr */ = {isa = PBXFileReference; lastKnownFileType = text.plist.strings; name = tr; path = tr.lproj/Main.strings; sourceTree = "<group>"; };
		E56A20B2223DC45300431633 /* tr */ = {isa = PBXFileReference; lastKnownFileType = text.plist.strings; name = tr; path = tr.lproj/LaunchScreen.strings; sourceTree = "<group>"; };
		E56A20B3223DC45500431633 /* tr */ = {isa = PBXFileReference; lastKnownFileType = text.plist.strings; name = tr; path = tr.lproj/Localizable.strings; sourceTree = "<group>"; };
		E56A20B4223DC45700431633 /* tr */ = {isa = PBXFileReference; lastKnownFileType = text.plist.strings; name = tr; path = tr.lproj/InfoPlist.strings; sourceTree = "<group>"; };
		E56A20B5223DC46A00431633 /* hi */ = {isa = PBXFileReference; lastKnownFileType = text.plist.strings; name = hi; path = hi.lproj/Main.strings; sourceTree = "<group>"; };
		E56A20B6223DC46D00431633 /* hi */ = {isa = PBXFileReference; lastKnownFileType = text.plist.strings; name = hi; path = hi.lproj/LaunchScreen.strings; sourceTree = "<group>"; };
		E56A20B7223DC47000431633 /* hi */ = {isa = PBXFileReference; lastKnownFileType = text.plist.strings; name = hi; path = hi.lproj/Localizable.strings; sourceTree = "<group>"; };
		E56A20B8223DC47300431633 /* hi */ = {isa = PBXFileReference; lastKnownFileType = text.plist.strings; name = hi; path = hi.lproj/InfoPlist.strings; sourceTree = "<group>"; };
		E56A20B9223DCC4D00431633 /* en-AU */ = {isa = PBXFileReference; lastKnownFileType = text.plist.strings; name = "en-AU"; path = "en-AU.lproj/Main.strings"; sourceTree = "<group>"; };
		E56A20BA223DCC4F00431633 /* en-AU */ = {isa = PBXFileReference; lastKnownFileType = text.plist.strings; name = "en-AU"; path = "en-AU.lproj/LaunchScreen.strings"; sourceTree = "<group>"; };
		E56A20BB223DCC5200431633 /* en-AU */ = {isa = PBXFileReference; lastKnownFileType = text.plist.strings; name = "en-AU"; path = "en-AU.lproj/Localizable.strings"; sourceTree = "<group>"; };
		E56A20BC223DCC5400431633 /* en-AU */ = {isa = PBXFileReference; lastKnownFileType = text.plist.strings; name = "en-AU"; path = "en-AU.lproj/InfoPlist.strings"; sourceTree = "<group>"; };
		E56A20BD223DCC6C00431633 /* fr-CA */ = {isa = PBXFileReference; lastKnownFileType = text.plist.strings; name = "fr-CA"; path = "fr-CA.lproj/Main.strings"; sourceTree = "<group>"; };
		E56A20BE223DCC6E00431633 /* fr-CA */ = {isa = PBXFileReference; lastKnownFileType = text.plist.strings; name = "fr-CA"; path = "fr-CA.lproj/LaunchScreen.strings"; sourceTree = "<group>"; };
		E56A20BF223DCC7000431633 /* fr-CA */ = {isa = PBXFileReference; lastKnownFileType = text.plist.strings; name = "fr-CA"; path = "fr-CA.lproj/Localizable.strings"; sourceTree = "<group>"; };
		E56A20C0223DCC7300431633 /* fr-CA */ = {isa = PBXFileReference; lastKnownFileType = text.plist.strings; name = "fr-CA"; path = "fr-CA.lproj/InfoPlist.strings"; sourceTree = "<group>"; };
		E56A20C1223DCCB500431633 /* en-GB */ = {isa = PBXFileReference; lastKnownFileType = text.plist.strings; name = "en-GB"; path = "en-GB.lproj/Main.strings"; sourceTree = "<group>"; };
		E56A20C2223DCCB800431633 /* en-GB */ = {isa = PBXFileReference; lastKnownFileType = text.plist.strings; name = "en-GB"; path = "en-GB.lproj/LaunchScreen.strings"; sourceTree = "<group>"; };
		E56A20C3223DCCBA00431633 /* en-GB */ = {isa = PBXFileReference; lastKnownFileType = text.plist.strings; name = "en-GB"; path = "en-GB.lproj/Localizable.strings"; sourceTree = "<group>"; };
		E56A20C4223DCCBC00431633 /* en-GB */ = {isa = PBXFileReference; lastKnownFileType = text.plist.strings; name = "en-GB"; path = "en-GB.lproj/InfoPlist.strings"; sourceTree = "<group>"; };
		E56A20C5223DCCCB00431633 /* en-CA */ = {isa = PBXFileReference; lastKnownFileType = text.plist.strings; name = "en-CA"; path = "en-CA.lproj/Main.strings"; sourceTree = "<group>"; };
		E56A20C6223DCCCD00431633 /* en-CA */ = {isa = PBXFileReference; lastKnownFileType = text.plist.strings; name = "en-CA"; path = "en-CA.lproj/LaunchScreen.strings"; sourceTree = "<group>"; };
		E56A20C7223DCCD000431633 /* en-CA */ = {isa = PBXFileReference; lastKnownFileType = text.plist.strings; name = "en-CA"; path = "en-CA.lproj/Localizable.strings"; sourceTree = "<group>"; };
		E56A20C8223DCCD200431633 /* en-CA */ = {isa = PBXFileReference; lastKnownFileType = text.plist.strings; name = "en-CA"; path = "en-CA.lproj/InfoPlist.strings"; sourceTree = "<group>"; };
		E570A82121622D4D00178CB5 /* toDo.swift */ = {isa = PBXFileReference; lastKnownFileType = sourcecode.swift; path = toDo.swift; sourceTree = "<group>"; };
		E570A8232162BBC700178CB5 /* AudioKit.framework */ = {isa = PBXFileReference; lastKnownFileType = wrapper.framework; name = AudioKit.framework; path = "../../../Downloads/AudioKit-4.5.0/Frameworks/AudioKit-iOS/AudioKit.framework"; sourceTree = "<group>"; };
		E57F7ECB216B628F006FE313 /* StartViewController.swift */ = {isa = PBXFileReference; lastKnownFileType = sourcecode.swift; path = StartViewController.swift; sourceTree = "<group>"; };
		E57F7ECE216CA8F1006FE313 /* ScreamTracker-Bridging-Header.h */ = {isa = PBXFileReference; lastKnownFileType = sourcecode.c.h; path = "ScreamTracker-Bridging-Header.h"; sourceTree = "<group>"; };
		E57F7ECF216CA8F3006FE313 /* ProgressHUD.bundle */ = {isa = PBXFileReference; lastKnownFileType = "wrapper.plug-in"; path = ProgressHUD.bundle; sourceTree = "<group>"; };
		E57F7ED0216CA8F3006FE313 /* ProgressHUD.m */ = {isa = PBXFileReference; fileEncoding = 4; lastKnownFileType = sourcecode.c.objc; path = ProgressHUD.m; sourceTree = "<group>"; };
		E57F7ED1216CA8F4006FE313 /* ProgressHUD.h */ = {isa = PBXFileReference; fileEncoding = 4; lastKnownFileType = sourcecode.c.h; path = ProgressHUD.h; sourceTree = "<group>"; };
		E57F7ED4216E04CB006FE313 /* SavedScreamsViewController.swift */ = {isa = PBXFileReference; fileEncoding = 4; lastKnownFileType = sourcecode.swift; path = SavedScreamsViewController.swift; sourceTree = "<group>"; };
		E57F7ED6216FF24B006FE313 /* SavedScreamsTableViewCell.swift */ = {isa = PBXFileReference; lastKnownFileType = sourcecode.swift; path = SavedScreamsTableViewCell.swift; sourceTree = "<group>"; };
		E5A40611215D740B004C1004 /* GoogleService-Info.plist */ = {isa = PBXFileReference; fileEncoding = 4; lastKnownFileType = text.plist.xml; path = "GoogleService-Info.plist"; sourceTree = "<group>"; };
/* End PBXFileReference section */

/* Begin PBXFrameworksBuildPhase section */
		E527BBE92144791F007BB2B1 /* Frameworks */ = {
			isa = PBXFrameworksBuildPhase;
			buildActionMask = 2147483647;
			files = (
				394493568CAC6137A5E43B48 /* Pods_ScreamTracker.framework in Frameworks */,
			);
			runOnlyForDeploymentPostprocessing = 0;
		};
/* End PBXFrameworksBuildPhase section */

/* Begin PBXGroup section */
		8DE2291A28456668DC25F3D5 /* Pods */ = {
			isa = PBXGroup;
			children = (
				E2F181FB35D5A80786B5E1A2 /* Pods-ScreamTracker.debug.xcconfig */,
				3D574A226CBE69F600B2CFBB /* Pods-ScreamTracker.release.xcconfig */,
			);
			name = Pods;
			sourceTree = "<group>";
		};
		AE5EE0BEFBE10CE25FF8C95E /* Frameworks */ = {
			isa = PBXGroup;
			children = (
				E570A8232162BBC700178CB5 /* AudioKit.framework */,
				71A05AB7A21DB921357DB6D1 /* Pods_ScreamTracker.framework */,
			);
			name = Frameworks;
			sourceTree = "<group>";
		};
		E527BBE32144791F007BB2B1 = {
			isa = PBXGroup;
			children = (
				E56A2073223DB64200431633 /* Localizable.strings */,
				E57F7ECD216CA8AE006FE313 /* Supporting Files */,
				E527BBEE2144791F007BB2B1 /* ScreamTracker */,
				E527BBED2144791F007BB2B1 /* Products */,
				8DE2291A28456668DC25F3D5 /* Pods */,
				AE5EE0BEFBE10CE25FF8C95E /* Frameworks */,
			);
			sourceTree = "<group>";
		};
		E527BBED2144791F007BB2B1 /* Products */ = {
			isa = PBXGroup;
			children = (
				E527BBEC2144791F007BB2B1 /* ScreamTracker.app */,
			);
			name = Products;
			sourceTree = "<group>";
		};
		E527BBEE2144791F007BB2B1 /* ScreamTracker */ = {
			isa = PBXGroup;
			children = (
				E527BBEF2144791F007BB2B1 /* AppDelegate.swift */,
				E55218D7225FE729000E3CC8 /* Shared.swift */,
				E57F7ECB216B628F006FE313 /* StartViewController.swift */,
				E527BBF12144791F007BB2B1 /* ViewController.swift */,
				E57F7ED4216E04CB006FE313 /* SavedScreamsViewController.swift */,
				E55218D4225FDE57000E3CC8 /* SwipeSavedTableViewCell.swift */,
				E57F7ED6216FF24B006FE313 /* SavedScreamsTableViewCell.swift */,
				E547F6D22152F33F00B31E9B /* ScreamTableViewCell.swift */,
				E527BBF32144791F007BB2B1 /* Main.storyboard */,
				E527BBF621447925007BB2B1 /* Assets.xcassets */,
				E527BBF821447925007BB2B1 /* LaunchScreen.storyboard */,
				E527BBFB21447925007BB2B1 /* Info.plist */,
				E56A206C223DB30900431633 /* InfoPlist.strings */,
				E5A40611215D740B004C1004 /* GoogleService-Info.plist */,
				E570A82121622D4D00178CB5 /* toDo.swift */,
			);
			path = ScreamTracker;
			sourceTree = "<group>";
		};
		E57F7ECD216CA8AE006FE313 /* Supporting Files */ = {
			isa = PBXGroup;
			children = (
				E57F7ECF216CA8F3006FE313 /* ProgressHUD.bundle */,
				E57F7ED1216CA8F4006FE313 /* ProgressHUD.h */,
				E57F7ED0216CA8F3006FE313 /* ProgressHUD.m */,
				E57F7ECE216CA8F1006FE313 /* ScreamTracker-Bridging-Header.h */,
			);
			path = "Supporting Files";
			sourceTree = "<group>";
		};
/* End PBXGroup section */

/* Begin PBXNativeTarget section */
		E527BBEB2144791F007BB2B1 /* ScreamTracker */ = {
			isa = PBXNativeTarget;
			buildConfigurationList = E527BBFE21447925007BB2B1 /* Build configuration list for PBXNativeTarget "ScreamTracker" */;
			buildPhases = (
				46993631880F1B1722D86C53 /* [CP] Check Pods Manifest.lock */,
				E527BBE82144791F007BB2B1 /* Sources */,
				E527BBE92144791F007BB2B1 /* Frameworks */,
				E527BBEA2144791F007BB2B1 /* Resources */,
				F46F3CE3A07B7AB2A642A143 /* [CP] Embed Pods Frameworks */,
				E5A40610215CD640004C1004 /* Run Script */,
			);
			buildRules = (
			);
			dependencies = (
			);
			name = ScreamTracker;
			productName = nagrywanie2;
			productReference = E527BBEC2144791F007BB2B1 /* ScreamTracker.app */;
			productType = "com.apple.product-type.application";
		};
/* End PBXNativeTarget section */

/* Begin PBXProject section */
		E527BBE42144791F007BB2B1 /* Project object */ = {
			isa = PBXProject;
			attributes = {
				LastSwiftUpdateCheck = 0940;
				LastUpgradeCheck = 0940;
				ORGANIZATIONNAME = kiler;
				TargetAttributes = {
					E527BBEB2144791F007BB2B1 = {
						CreatedOnToolsVersion = 9.4.1;
						LastSwiftMigration = 1000;
					};
				};
			};
			buildConfigurationList = E527BBE72144791F007BB2B1 /* Build configuration list for PBXProject "ScreamTracker" */;
			compatibilityVersion = "Xcode 9.3";
			developmentRegion = en;
			hasScannedForEncodings = 0;
			knownRegions = (
				en,
				Base,
				pl,
				ja,
				"zh-Hans",
				es,
				"es-419",
				ru,
				"pt-BR",
				da,
				fr,
				nl,
				nb,
				de,
				"pt-PT",
				ko,
				sv,
				th,
				tr,
				hi,
				"en-AU",
				"fr-CA",
				"en-GB",
				"en-CA",
				hu,
				"zh-Hant",
				fi,
				cs,
				ca,
				el,
				vi,
				sk,
				it,
				ms,
				id,
				hr,
				ro,
				uk,
			);
			mainGroup = E527BBE32144791F007BB2B1;
			productRefGroup = E527BBED2144791F007BB2B1 /* Products */;
			projectDirPath = "";
			projectRoot = "";
			targets = (
				E527BBEB2144791F007BB2B1 /* ScreamTracker */,
			);
		};
/* End PBXProject section */

/* Begin PBXResourcesBuildPhase section */
		E527BBEA2144791F007BB2B1 /* Resources */ = {
			isa = PBXResourcesBuildPhase;
			buildActionMask = 2147483647;
			files = (
				E527BBFA21447925007BB2B1 /* LaunchScreen.storyboard in Resources */,
				E56A206E223DB30900431633 /* InfoPlist.strings in Resources */,
				E5A40612215D740B004C1004 /* GoogleService-Info.plist in Resources */,
				E56A2071223DB64200431633 /* Localizable.strings in Resources */,
				E527BBF721447925007BB2B1 /* Assets.xcassets in Resources */,
				E57F7ED2216CA8F4006FE313 /* ProgressHUD.bundle in Resources */,
				E527BBF52144791F007BB2B1 /* Main.storyboard in Resources */,
			);
			runOnlyForDeploymentPostprocessing = 0;
		};
/* End PBXResourcesBuildPhase section */

/* Begin PBXShellScriptBuildPhase section */
		46993631880F1B1722D86C53 /* [CP] Check Pods Manifest.lock */ = {
			isa = PBXShellScriptBuildPhase;
			buildActionMask = 2147483647;
			files = (
			);
			inputPaths = (
				"${PODS_PODFILE_DIR_PATH}/Podfile.lock",
				"${PODS_ROOT}/Manifest.lock",
			);
			name = "[CP] Check Pods Manifest.lock";
			outputPaths = (
				"$(DERIVED_FILE_DIR)/Pods-ScreamTracker-checkManifestLockResult.txt",
			);
			runOnlyForDeploymentPostprocessing = 0;
			shellPath = /bin/sh;
			shellScript = "diff \"${PODS_PODFILE_DIR_PATH}/Podfile.lock\" \"${PODS_ROOT}/Manifest.lock\" > /dev/null\nif [ $? != 0 ] ; then\n    # print error to STDERR\n    echo \"error: The sandbox is not in sync with the Podfile.lock. Run 'pod install' or update your CocoaPods installation.\" >&2\n    exit 1\nfi\n# This output is used by Xcode 'outputs' to avoid re-running this script phase.\necho \"SUCCESS\" > \"${SCRIPT_OUTPUT_FILE_0}\"\n";
			showEnvVarsInLog = 0;
		};
		E5A40610215CD640004C1004 /* Run Script */ = {
			isa = PBXShellScriptBuildPhase;
			buildActionMask = 2147483647;
			files = (
			);
			inputPaths = (
				"$(BUILT_PRODUCTS_DIR)/$(INFOPLIST_PATH)",
			);
			name = "Run Script";
			outputPaths = (
			);
			runOnlyForDeploymentPostprocessing = 0;
			shellPath = /bin/sh;
			shellScript = "\"${PODS_ROOT}/Fabric/run\"";
		};
		F46F3CE3A07B7AB2A642A143 /* [CP] Embed Pods Frameworks */ = {
			isa = PBXShellScriptBuildPhase;
			buildActionMask = 2147483647;
			files = (
			);
			inputPaths = (
				"${SRCROOT}/Pods/Target Support Files/Pods-ScreamTracker/Pods-ScreamTracker-frameworks.sh",
				"${BUILT_PRODUCTS_DIR}/Charts/Charts.framework",
				"${BUILT_PRODUCTS_DIR}/GoogleUtilities/GoogleUtilities.framework",
				"${BUILT_PRODUCTS_DIR}/ProgressHUD/ProgressHUD.framework",
				"${BUILT_PRODUCTS_DIR}/SwipeCellKit/SwipeCellKit.framework",
				"${BUILT_PRODUCTS_DIR}/nanopb/nanopb.framework",
			);
			name = "[CP] Embed Pods Frameworks";
			outputPaths = (
				"${TARGET_BUILD_DIR}/${FRAMEWORKS_FOLDER_PATH}/Charts.framework",
				"${TARGET_BUILD_DIR}/${FRAMEWORKS_FOLDER_PATH}/GoogleUtilities.framework",
				"${TARGET_BUILD_DIR}/${FRAMEWORKS_FOLDER_PATH}/ProgressHUD.framework",
				"${TARGET_BUILD_DIR}/${FRAMEWORKS_FOLDER_PATH}/SwipeCellKit.framework",
				"${TARGET_BUILD_DIR}/${FRAMEWORKS_FOLDER_PATH}/nanopb.framework",
			);
			runOnlyForDeploymentPostprocessing = 0;
			shellPath = /bin/sh;
			shellScript = "\"${SRCROOT}/Pods/Target Support Files/Pods-ScreamTracker/Pods-ScreamTracker-frameworks.sh\"\n";
			showEnvVarsInLog = 0;
		};
/* End PBXShellScriptBuildPhase section */

/* Begin PBXSourcesBuildPhase section */
		E527BBE82144791F007BB2B1 /* Sources */ = {
			isa = PBXSourcesBuildPhase;
			buildActionMask = 2147483647;
			files = (
				E55218D8225FE729000E3CC8 /* Shared.swift in Sources */,
				E57F7ED3216CA8F4006FE313 /* ProgressHUD.m in Sources */,
				E55218D5225FDE57000E3CC8 /* SwipeSavedTableViewCell.swift in Sources */,
				E57F7ECC216B628F006FE313 /* StartViewController.swift in Sources */,
				E57F7ED5216E04CB006FE313 /* SavedScreamsViewController.swift in Sources */,
				E547F6D32152F33F00B31E9B /* ScreamTableViewCell.swift in Sources */,
				E527BBF22144791F007BB2B1 /* ViewController.swift in Sources */,
				E527BBF02144791F007BB2B1 /* AppDelegate.swift in Sources */,
				E57F7ED7216FF24B006FE313 /* SavedScreamsTableViewCell.swift in Sources */,
				E570A82221622D4D00178CB5 /* toDo.swift in Sources */,
			);
			runOnlyForDeploymentPostprocessing = 0;
		};
/* End PBXSourcesBuildPhase section */

/* Begin PBXVariantGroup section */
		E527BBF32144791F007BB2B1 /* Main.storyboard */ = {
			isa = PBXVariantGroup;
			children = (
				E527BBF42144791F007BB2B1 /* Base */,
				E56A206A223DA7F000431633 /* pl */,
				E56A2075223DBCC600431633 /* ja */,
				E56A2079223DBD0F00431633 /* zh-Hans */,
				E56A207D223DBD3500431633 /* es */,
				E56A2081223DBF1C00431633 /* es-419 */,
				E56A2085223DBF3500431633 /* ru */,
				E56A2089223DC04100431633 /* pt-BR */,
				E56A208D223DC3B500431633 /* da */,
				E56A2091223DC3C000431633 /* fr */,
				E56A2095223DC3CF00431633 /* nl */,
				E56A2099223DC3D900431633 /* nb */,
				E56A209D223DC41100431633 /* de */,
				E56A20A1223DC41E00431633 /* pt-PT */,
				E56A20A5223DC43100431633 /* ko */,
				E56A20A9223DC43A00431633 /* sv */,
				E56A20AD223DC44600431633 /* th */,
				E56A20B1223DC45000431633 /* tr */,
				E56A20B5223DC46A00431633 /* hi */,
				E56A20B9223DCC4D00431633 /* en-AU */,
				E56A20BD223DCC6C00431633 /* fr-CA */,
				E56A20C1223DCCB500431633 /* en-GB */,
				E56A20C5223DCCCB00431633 /* en-CA */,
				E55218D922607C9B000E3CC8 /* hu */,
				E55218DD22607D3B000E3CC8 /* zh-Hant */,
				E55218E122607D47000E3CC8 /* fi */,
				E55218E522607D4F000E3CC8 /* cs */,
				E55218E922607D59000E3CC8 /* ca */,
				E55218ED22607D61000E3CC8 /* el */,
				E55218F122607D68000E3CC8 /* vi */,
				E55218F522607D75000E3CC8 /* sk */,
				E55218F922607D8C000E3CC8 /* it */,
				E55218FD22607D97000E3CC8 /* ms */,
				E552190122607DA3000E3CC8 /* id */,
				E552190522607DC6000E3CC8 /* hr */,
				E552190922607DD1000E3CC8 /* ro */,
				E552190D22607DDD000E3CC8 /* uk */,
			);
			name = Main.storyboard;
			sourceTree = "<group>";
		};
		E527BBF821447925007BB2B1 /* LaunchScreen.storyboard */ = {
			isa = PBXVariantGroup;
			children = (
				E527BBF921447925007BB2B1 /* Base */,
				E56A206B223DA7F200431633 /* pl */,
				E56A2076223DBCC800431633 /* ja */,
				E56A207A223DBD1100431633 /* zh-Hans */,
				E56A207E223DBD3800431633 /* es */,
				E56A2082223DBF1E00431633 /* es-419 */,
				E56A2086223DBF3900431633 /* ru */,
				E56A208A223DC04400431633 /* pt-BR */,
				E56A208E223DC3B800431633 /* da */,
				E56A2092223DC3C200431633 /* fr */,
				E56A2096223DC3D200431633 /* nl */,
				E56A209A223DC3DB00431633 /* nb */,
				E56A209E223DC41300431633 /* de */,
				E56A20A2223DC42100431633 /* pt-PT */,
				E56A20A6223DC43400431633 /* ko */,
				E56A20AA223DC43D00431633 /* sv */,
				E56A20AE223DC44800431633 /* th */,
				E56A20B2223DC45300431633 /* tr */,
				E56A20B6223DC46D00431633 /* hi */,
				E56A20BA223DCC4F00431633 /* en-AU */,
				E56A20BE223DCC6E00431633 /* fr-CA */,
				E56A20C2223DCCB800431633 /* en-GB */,
				E56A20C6223DCCCD00431633 /* en-CA */,
				E55218DA22607C9D000E3CC8 /* hu */,
				E55218DE22607D3E000E3CC8 /* zh-Hant */,
				E55218E222607D49000E3CC8 /* fi */,
				E55218E622607D51000E3CC8 /* cs */,
				E55218EA22607D5B000E3CC8 /* ca */,
				E55218EE22607D63000E3CC8 /* el */,
				E55218F222607D6D000E3CC8 /* vi */,
				E55218F622607D78000E3CC8 /* sk */,
				E55218FA22607D8F000E3CC8 /* it */,
				E55218FE22607D9A000E3CC8 /* ms */,
				E552190222607DA5000E3CC8 /* id */,
				E552190622607DC8000E3CC8 /* hr */,
				E552190A22607DD3000E3CC8 /* ro */,
				E552190E22607DE0000E3CC8 /* uk */,
			);
			name = LaunchScreen.storyboard;
			sourceTree = "<group>";
		};
		E56A206C223DB30900431633 /* InfoPlist.strings */ = {
			isa = PBXVariantGroup;
			children = (
				E56A206D223DB30900431633 /* pl */,
				E56A2078223DBCCD00431633 /* ja */,
				E56A207C223DBD1500431633 /* zh-Hans */,
				E56A2080223DBD3C00431633 /* es */,
				E56A2084223DBF2500431633 /* es-419 */,
				E56A2088223DBF4600431633 /* ru */,
				E56A208C223DC05200431633 /* pt-BR */,
				E56A2090223DC3BE00431633 /* da */,
				E56A2094223DC3C700431633 /* fr */,
				E56A2098223DC3D600431633 /* nl */,
				E56A209C223DC3E000431633 /* nb */,
				E56A20A0223DC41800431633 /* de */,
				E56A20A4223DC42600431633 /* pt-PT */,
				E56A20A8223DC43800431633 /* ko */,
				E56A20AC223DC44200431633 /* sv */,
				E56A20B0223DC44D00431633 /* th */,
				E56A20B4223DC45700431633 /* tr */,
				E56A20B8223DC47300431633 /* hi */,
				E56A20BC223DCC5400431633 /* en-AU */,
				E56A20C0223DCC7300431633 /* fr-CA */,
				E56A20C4223DCCBC00431633 /* en-GB */,
				E56A20C8223DCCD200431633 /* en-CA */,
				E55218DC22607CA3000E3CC8 /* hu */,
				E55218E022607D43000E3CC8 /* zh-Hant */,
				E55218E422607D4D000E3CC8 /* fi */,
				E55218E822607D56000E3CC8 /* cs */,
				E55218EC22607D5F000E3CC8 /* ca */,
				E55218F022607D66000E3CC8 /* el */,
				E55218F422607D73000E3CC8 /* vi */,
				E55218F822607D7C000E3CC8 /* sk */,
				E55218FC22607D94000E3CC8 /* it */,
				E552190022607D9F000E3CC8 /* ms */,
				E552190422607DAB000E3CC8 /* id */,
				E552190822607DCE000E3CC8 /* hr */,
				E552190C22607DD8000E3CC8 /* ro */,
				E552191022607DE7000E3CC8 /* uk */,
			);
			name = InfoPlist.strings;
			sourceTree = "<group>";
		};
		E56A2073223DB64200431633 /* Localizable.strings */ = {
			isa = PBXVariantGroup;
			children = (
				E56A2072223DB64200431633 /* en */,
				E56A2074223DB64600431633 /* pl */,
				E56A2077223DBCCB00431633 /* ja */,
				E56A207B223DBD1300431633 /* zh-Hans */,
				E56A207F223DBD3A00431633 /* es */,
				E56A2083223DBF2000431633 /* es-419 */,
				E56A2087223DBF4000431633 /* ru */,
				E56A208B223DC04F00431633 /* pt-BR */,
				E56A208F223DC3BB00431633 /* da */,
				E56A2093223DC3C500431633 /* fr */,
				E56A2097223DC3D300431633 /* nl */,
				E56A209B223DC3DE00431633 /* nb */,
				E56A209F223DC41600431633 /* de */,
				E56A20A3223DC42300431633 /* pt-PT */,
				E56A20A7223DC43500431633 /* ko */,
				E56A20AB223DC43F00431633 /* sv */,
				E56A20AF223DC44B00431633 /* th */,
				E56A20B3223DC45500431633 /* tr */,
				E56A20B7223DC47000431633 /* hi */,
				E56A20BB223DCC5200431633 /* en-AU */,
				E56A20BF223DCC7000431633 /* fr-CA */,
				E56A20C3223DCCBA00431633 /* en-GB */,
				E56A20C7223DCCD000431633 /* en-CA */,
				E55218DB22607CA1000E3CC8 /* hu */,
				E55218DF22607D40000E3CC8 /* zh-Hant */,
				E55218E322607D4B000E3CC8 /* fi */,
				E55218E722607D54000E3CC8 /* cs */,
				E55218EB22607D5D000E3CC8 /* ca */,
				E55218EF22607D64000E3CC8 /* el */,
				E55218F322607D70000E3CC8 /* vi */,
				E55218F722607D7A000E3CC8 /* sk */,
				E55218FB22607D91000E3CC8 /* it */,
				E55218FF22607D9C000E3CC8 /* ms */,
				E552190322607DA8000E3CC8 /* id */,
				E552190722607DCB000E3CC8 /* hr */,
				E552190B22607DD5000E3CC8 /* ro */,
				E552190F22607DE3000E3CC8 /* uk */,
			);
			name = Localizable.strings;
			sourceTree = "<group>";
		};
/* End PBXVariantGroup section */

/* Begin XCBuildConfiguration section */
		E527BBFC21447925007BB2B1 /* Debug */ = {
			isa = XCBuildConfiguration;
			buildSettings = {
				ALWAYS_SEARCH_USER_PATHS = NO;
				CLANG_ANALYZER_LOCALIZABILITY_NONLOCALIZED = YES;
				CLANG_ANALYZER_NONNULL = YES;
				CLANG_ANALYZER_NUMBER_OBJECT_CONVERSION = YES_AGGRESSIVE;
				CLANG_CXX_LANGUAGE_STANDARD = "gnu++14";
				CLANG_CXX_LIBRARY = "libc++";
				CLANG_ENABLE_MODULES = YES;
				CLANG_ENABLE_OBJC_ARC = YES;
				CLANG_ENABLE_OBJC_WEAK = YES;
				CLANG_WARN_BLOCK_CAPTURE_AUTORELEASING = YES;
				CLANG_WARN_BOOL_CONVERSION = YES;
				CLANG_WARN_COMMA = YES;
				CLANG_WARN_CONSTANT_CONVERSION = YES;
				CLANG_WARN_DEPRECATED_OBJC_IMPLEMENTATIONS = YES;
				CLANG_WARN_DIRECT_OBJC_ISA_USAGE = YES_ERROR;
				CLANG_WARN_DOCUMENTATION_COMMENTS = YES;
				CLANG_WARN_EMPTY_BODY = YES;
				CLANG_WARN_ENUM_CONVERSION = YES;
				CLANG_WARN_INFINITE_RECURSION = YES;
				CLANG_WARN_INT_CONVERSION = YES;
				CLANG_WARN_NON_LITERAL_NULL_CONVERSION = YES;
				CLANG_WARN_OBJC_IMPLICIT_RETAIN_SELF = YES;
				CLANG_WARN_OBJC_LITERAL_CONVERSION = YES;
				CLANG_WARN_OBJC_ROOT_CLASS = YES_ERROR;
				CLANG_WARN_RANGE_LOOP_ANALYSIS = YES;
				CLANG_WARN_STRICT_PROTOTYPES = YES;
				CLANG_WARN_SUSPICIOUS_MOVE = YES;
				CLANG_WARN_UNGUARDED_AVAILABILITY = YES_AGGRESSIVE;
				CLANG_WARN_UNREACHABLE_CODE = YES;
				CLANG_WARN__DUPLICATE_METHOD_MATCH = YES;
				CODE_SIGN_IDENTITY = "iPhone Developer";
				COPY_PHASE_STRIP = NO;
				DEBUG_INFORMATION_FORMAT = dwarf;
				ENABLE_STRICT_OBJC_MSGSEND = YES;
				ENABLE_TESTABILITY = YES;
				GCC_C_LANGUAGE_STANDARD = gnu11;
				GCC_DYNAMIC_NO_PIC = NO;
				GCC_NO_COMMON_BLOCKS = YES;
				GCC_OPTIMIZATION_LEVEL = 0;
				GCC_PREPROCESSOR_DEFINITIONS = (
					"DEBUG=1",
					"$(inherited)",
				);
				GCC_WARN_64_TO_32_BIT_CONVERSION = YES;
				GCC_WARN_ABOUT_RETURN_TYPE = YES_ERROR;
				GCC_WARN_UNDECLARED_SELECTOR = YES;
				GCC_WARN_UNINITIALIZED_AUTOS = YES_AGGRESSIVE;
				GCC_WARN_UNUSED_FUNCTION = YES;
				GCC_WARN_UNUSED_VARIABLE = YES;
				IPHONEOS_DEPLOYMENT_TARGET = 11.4;
				MTL_ENABLE_DEBUG_INFO = YES;
				ONLY_ACTIVE_ARCH = YES;
				SDKROOT = iphoneos;
				SWIFT_ACTIVE_COMPILATION_CONDITIONS = DEBUG;
				SWIFT_OPTIMIZATION_LEVEL = "-Onone";
			};
			name = Debug;
		};
		E527BBFD21447925007BB2B1 /* Release */ = {
			isa = XCBuildConfiguration;
			buildSettings = {
				ALWAYS_SEARCH_USER_PATHS = NO;
				CLANG_ANALYZER_LOCALIZABILITY_NONLOCALIZED = YES;
				CLANG_ANALYZER_NONNULL = YES;
				CLANG_ANALYZER_NUMBER_OBJECT_CONVERSION = YES_AGGRESSIVE;
				CLANG_CXX_LANGUAGE_STANDARD = "gnu++14";
				CLANG_CXX_LIBRARY = "libc++";
				CLANG_ENABLE_MODULES = YES;
				CLANG_ENABLE_OBJC_ARC = YES;
				CLANG_ENABLE_OBJC_WEAK = YES;
				CLANG_WARN_BLOCK_CAPTURE_AUTORELEASING = YES;
				CLANG_WARN_BOOL_CONVERSION = YES;
				CLANG_WARN_COMMA = YES;
				CLANG_WARN_CONSTANT_CONVERSION = YES;
				CLANG_WARN_DEPRECATED_OBJC_IMPLEMENTATIONS = YES;
				CLANG_WARN_DIRECT_OBJC_ISA_USAGE = YES_ERROR;
				CLANG_WARN_DOCUMENTATION_COMMENTS = YES;
				CLANG_WARN_EMPTY_BODY = YES;
				CLANG_WARN_ENUM_CONVERSION = YES;
				CLANG_WARN_INFINITE_RECURSION = YES;
				CLANG_WARN_INT_CONVERSION = YES;
				CLANG_WARN_NON_LITERAL_NULL_CONVERSION = YES;
				CLANG_WARN_OBJC_IMPLICIT_RETAIN_SELF = YES;
				CLANG_WARN_OBJC_LITERAL_CONVERSION = YES;
				CLANG_WARN_OBJC_ROOT_CLASS = YES_ERROR;
				CLANG_WARN_RANGE_LOOP_ANALYSIS = YES;
				CLANG_WARN_STRICT_PROTOTYPES = YES;
				CLANG_WARN_SUSPICIOUS_MOVE = YES;
				CLANG_WARN_UNGUARDED_AVAILABILITY = YES_AGGRESSIVE;
				CLANG_WARN_UNREACHABLE_CODE = YES;
				CLANG_WARN__DUPLICATE_METHOD_MATCH = YES;
				CODE_SIGN_IDENTITY = "iPhone Developer";
				COPY_PHASE_STRIP = NO;
				DEBUG_INFORMATION_FORMAT = "dwarf-with-dsym";
				ENABLE_NS_ASSERTIONS = NO;
				ENABLE_STRICT_OBJC_MSGSEND = YES;
				GCC_C_LANGUAGE_STANDARD = gnu11;
				GCC_NO_COMMON_BLOCKS = YES;
				GCC_WARN_64_TO_32_BIT_CONVERSION = YES;
				GCC_WARN_ABOUT_RETURN_TYPE = YES_ERROR;
				GCC_WARN_UNDECLARED_SELECTOR = YES;
				GCC_WARN_UNINITIALIZED_AUTOS = YES_AGGRESSIVE;
				GCC_WARN_UNUSED_FUNCTION = YES;
				GCC_WARN_UNUSED_VARIABLE = YES;
				IPHONEOS_DEPLOYMENT_TARGET = 11.4;
				MTL_ENABLE_DEBUG_INFO = NO;
				SDKROOT = iphoneos;
				SWIFT_COMPILATION_MODE = wholemodule;
				SWIFT_OPTIMIZATION_LEVEL = "-O";
				VALIDATE_PRODUCT = YES;
			};
			name = Release;
		};
		E527BBFF21447925007BB2B1 /* Debug */ = {
			isa = XCBuildConfiguration;
			baseConfigurationReference = E2F181FB35D5A80786B5E1A2 /* Pods-ScreamTracker.debug.xcconfig */;
			buildSettings = {
				ASSETCATALOG_COMPILER_APPICON_NAME = AppIcon;
				CLANG_ENABLE_MODULES = YES;
				CODE_SIGN_STYLE = Automatic;
				DEBUG_INFORMATION_FORMAT = "dwarf-with-dsym";
				DEVELOPMENT_TEAM = 4F25NTVE7X;
				INFOPLIST_FILE = "$(SRCROOT)/ScreamTracker/Info.plist";
				IPHONEOS_DEPLOYMENT_TARGET = 10.3;
				LD_RUNPATH_SEARCH_PATHS = "$(inherited)";
				PRODUCT_BUNDLE_IDENTIFIER = com.kiler.screamtracker;
				PRODUCT_NAME = "$(TARGET_NAME)";
				SWIFT_OBJC_BRIDGING_HEADER = "Supporting Files/ScreamTracker-Bridging-Header.h";
				SWIFT_OPTIMIZATION_LEVEL = "-Onone";
				SWIFT_VERSION = 4.2;
				TARGETED_DEVICE_FAMILY = "1,2";
			};
			name = Debug;
		};
		E527BC0021447925007BB2B1 /* Release */ = {
			isa = XCBuildConfiguration;
			baseConfigurationReference = 3D574A226CBE69F600B2CFBB /* Pods-ScreamTracker.release.xcconfig */;
			buildSettings = {
				ASSETCATALOG_COMPILER_APPICON_NAME = AppIcon;
				CLANG_ENABLE_MODULES = YES;
				CODE_SIGN_STYLE = Automatic;
				DEVELOPMENT_TEAM = 4F25NTVE7X;
				INFOPLIST_FILE = "$(SRCROOT)/ScreamTracker/Info.plist";
				IPHONEOS_DEPLOYMENT_TARGET = 10.3;
				LD_RUNPATH_SEARCH_PATHS = "$(inherited)";
				PRODUCT_BUNDLE_IDENTIFIER = com.kiler.screamtracker;
				PRODUCT_NAME = "$(TARGET_NAME)";
				SWIFT_OBJC_BRIDGING_HEADER = "Supporting Files/ScreamTracker-Bridging-Header.h";
				SWIFT_VERSION = 4.2;
				TARGETED_DEVICE_FAMILY = "1,2";
			};
			name = Release;
		};
/* End XCBuildConfiguration section */

/* Begin XCConfigurationList section */
		E527BBE72144791F007BB2B1 /* Build configuration list for PBXProject "ScreamTracker" */ = {
			isa = XCConfigurationList;
			buildConfigurations = (
				E527BBFC21447925007BB2B1 /* Debug */,
				E527BBFD21447925007BB2B1 /* Release */,
			);
			defaultConfigurationIsVisible = 0;
			defaultConfigurationName = Release;
		};
		E527BBFE21447925007BB2B1 /* Build configuration list for PBXNativeTarget "ScreamTracker" */ = {
			isa = XCConfigurationList;
			buildConfigurations = (
				E527BBFF21447925007BB2B1 /* Debug */,
				E527BC0021447925007BB2B1 /* Release */,
			);
			defaultConfigurationIsVisible = 0;
			defaultConfigurationName = Release;
		};
/* End XCConfigurationList section */
	};
	rootObject = E527BBE42144791F007BB2B1 /* Project object */;
}
